github.com/gohugoio/hugo-mod-jslibs-dist/popperjs/v2 v2.21100.20000 h1:GZxx4Hc+yb0/t3/rau1j8XlAxLE4CyXns2fqQbyqWfs=
github.com/gohugoio/hugo-mod-jslibs-dist/popperjs/v2 v2.21100.20000/go.mod h1:mFberT6ZtcchrsDtfvJM7aAH2bDKLdOnruUHl0hlapI=
github.com/hugolify/hugolify-netlify-cms v1.2.0 h1:d+Gr9f6sOOjVTfqi6gZ4Fp4p/y+53Kz0TEPjnwS2Kh4=
github.com/hugolify/hugolify-netlify-cms v1.2.0/go.mod h1:Q7HNXBxIatKmA+mlG+3HbWUYApZnftOwFz6kevyg/HU=
github.com/hugolify/hugolify-netlify-cms v1.2.1 h1:o6qJdIlzhIOLdGTi/UCihTRGYS/3Qwb5JeNe9cTGDpo=
github.com/hugolify/hugolify-netlify-cms v1.2.1/go.mod h1:Q7HNXBxIatKmA+mlG+3HbWUYApZnftOwFz6kevyg/HU=
github.com/hugolify/hugolify-theme v1.4.4 h1:ssReO9Q5g4eevwZLa/RWLD7+Wde9vzGJIZXk1ECSpzY=
github.com/hugolify/hugolify-theme v1.4.4/go.mod h1:W4kYNGzInQ3fbvVmSpbZG87vrvuW0PsIffjePKMZums=
github.com/hugolify/hugolify-theme v1.4.5 h1:WshTCKKlvx03/uHdT62P+3heX9xBrWh5J8vmgp2+ccY=
github.com/hugolify/hugolify-theme v1.4.5/go.mod h1:W4kYNGzInQ3fbvVmSpbZG87vrvuW0PsIffjePKMZums=
github.com/hugolify/hugolify-theme v1.4.8 h1:/sOeYx0LX4dcPHl/tM7aYcU7+gw2rffu5DLbbJ3m3vI=
github.com/hugolify/hugolify-theme v1.4.8/go.mod h1:W4kYNGzInQ3fbvVmSpbZG87vrvuW0PsIffjePKMZums=
github.com/hugolify/hugolify-theme-persons v1.0.16 h1:d26lEx88DmVzK3jDC1f8yQZSK57oV2hsnzuNUQfS5x4=
github.com/hugolify/hugolify-theme-persons v1.0.16/go.mod h1:LjjY/5pEDk2r3URTU8xS7Sango4D4K9ExU0+OaJwOUA=
github.com/hugolify/hugolify-theme-persons v1.0.17 h1:o/Isz7CGKdL1xFyNeto4mttd9EPs1Gdfoyj8vgcKemo=
github.com/hugolify/hugolify-theme-persons v1.0.17/go.mod h1:LjjY/5pEDk2r3URTU8xS7Sango4D4K9ExU0+OaJwOUA=
github.com/hugolify/hugolify-theme-persons-statutes v1.0.9 h1:M2VjGDYuSgFdMCH12hCvm3EtCZCB2cKCOJpID8Bi9xY=
github.com/hugolify/hugolify-theme-persons-statutes v1.0.9/go.mod h1:S+aQocqFtsLpYC+6t8IYGY95YHYvcPFovzVe61XEqMc=
github.com/hugolify/hugolify-theme-persons-statutes v1.0.11 h1:RU+7keDHIyxVnUXaLpfHsM4g5pGwElRPOt3CgSZgq6Q=
github.com/hugolify/hugolify-theme-persons-statutes v1.0.11/go.mod h1:S+aQocqFtsLpYC+6t8IYGY95YHYvcPFovzVe61XEqMc=
github.com/hugolify/hugolify-theme-posts v1.1.10 h1:mVIM5+98zwQ5kIkDJXnlH24FPyWWKQ4htblrxyB8EAo=
github.com/hugolify/hugolify-theme-posts v1.1.10/go.mod h1:kSsNH0SQ9TaUdpJ2AsOYfAQt4qiIv0ORGjC4l+XCoqc=
github.com/hugolify/hugolify-theme-posts v1.1.11 h1:stpKAaa/TMpZrmjHZoqJvdUhvolGUtkxp0ZPoxoWkH4=
github.com/hugolify/hugolify-theme-posts v1.1.11/go.mod h1:kSsNH0SQ9TaUdpJ2AsOYfAQt4qiIv0ORGjC4l+XCoqc=
github.com/hugolify/hugolify-theme-posts-categories v1.0.8 h1:uu3qBL5vi28RZpffykWWcOjZwp/CwHibhJNgJ29cCHo=
github.com/hugolify/hugolify-theme-posts-categories v1.0.8/go.mod h1:BgCFC7+DzBoAiM4B1CrWGCDVzU/UUHnwNIeMc7cqt54=
github.com/hugolify/hugolify-theme-posts-categories v1.0.9 h1:8SEXg7AuTw0wE8af03PpJ7qdqjeAkdN4a0Z3zDub2Ho=
github.com/hugolify/hugolify-theme-posts-categories v1.0.9/go.mod h1:BgCFC7+DzBoAiM4B1CrWGCDVzU/UUHnwNIeMc7cqt54=
github.com/hugolify/hugolify-theme-publications v1.1.13 h1:nu+DXVxZyMppWKxXonN2maGDoKWDzQAMFpMLVJ5bEvU=
github.com/hugolify/hugolify-theme-publications v1.1.13/go.mod h1:9hR8/sdinGo6o4DJpZMTdP1I8XYwUUq585WmeU1zwH8=
github.com/hugolify/hugolify-theme-publications v1.1.14 h1:+lfKjk8D03oAQ5SNuHhpsEFoClwb0S/C2oBz+5HF7OM=
github.com/hugolify/hugolify-theme-publications v1.1.14/go.mod h1:9hR8/sdinGo6o4DJpZMTdP1I8XYwUUq585WmeU1zwH8=
github.com/hugolify/hugolify-theme-publications-categories v1.0.1 h1:dbe7wFNpwfSLyJv2HoanTyoi4fmuWq2QZf1dPXMtmIY=
github.com/hugolify/hugolify-theme-publications-categories v1.0.1/go.mod h1:NX1zBK520EcoOqDbtg3EifmDxxhWZvrpQopo4QoeN5o=
github.com/hugolify/hugolify-theme-publications-categories v1.0.3 h1:NM+pvbb5heaf5zOts6AYlniwop8KoDBQpjo9K/Xus8A=
github.com/hugolify/hugolify-theme-publications-categories v1.0.3/go.mod h1:NX1zBK520EcoOqDbtg3EifmDxxhWZvrpQopo4QoeN5o=
github.com/twbs/bootstrap v5.2.3+incompatible h1:lOmsJx587qfF7/gE7Vv4FxEofegyJlEACeVV+Mt7cgc=
github.com/twbs/bootstrap v5.2.3+incompatible/go.mod h1:fZTSrkpSf0/HkL0IIJzvVspTt1r9zuf7XlZau8kpcY0=
